{
  "projects": [
    {
      "projectId": "2WTtS4quVgjDpWxePxJCTZ",
      "version": "latest",
      "dependencies": {},
      "lang": "js",
      "fileLocks": [
        {
          "type": "globalVariant",
          "assetId": "QS8WGXlJZeEM",
          "checksum": "59f91c5ee0c6d65e2fd7b423a7eb9671"
        },
        {
          "type": "renderModule",
          "assetId": "kZkbGZOiJQjF",
          "checksum": "b28ae8a77de600e177ada0e9821e59bf"
        },
        {
          "type": "cssRules",
          "assetId": "kZkbGZOiJQjF",
          "checksum": "b28ae8a77de600e177ada0e9821e59bf"
        },
        {
          "type": "renderModule",
          "assetId": "ZwkS9sai7CnT",
          "checksum": "f8f4f3a951883ea9ea0e244d86f99a37"
        },
        {
          "type": "cssRules",
          "assetId": "ZwkS9sai7CnT",
          "checksum": "f8f4f3a951883ea9ea0e244d86f99a37"
        },
        {
          "type": "renderModule",
          "assetId": "gO6ZyA-ndrIU",
          "checksum": "5c2b7036a9fdb572740dac5d4b878acc"
        },
        {
          "type": "cssRules",
          "assetId": "gO6ZyA-ndrIU",
          "checksum": "5c2b7036a9fdb572740dac5d4b878acc"
        },
        {
          "type": "renderModule",
          "assetId": "zvBGhF70FkPt",
          "checksum": "f94a7d4e8b3e9ec3b7727be2c0467876"
        },
        {
          "type": "cssRules",
          "assetId": "zvBGhF70FkPt",
          "checksum": "f94a7d4e8b3e9ec3b7727be2c0467876"
        },
        {
          "type": "renderModule",
          "assetId": "otNIW0nTl04H",
          "checksum": "10a0755a91c0b8d7218f0e76854cee14"
        },
        {
          "type": "cssRules",
          "assetId": "otNIW0nTl04H",
          "checksum": "10a0755a91c0b8d7218f0e76854cee14"
        },
        {
          "type": "renderModule",
          "assetId": "gZvr4N5QjhJc",
          "checksum": "2d0bf2ddb1cca0b3d89d661c6c9bd274"
        },
        {
          "type": "cssRules",
          "assetId": "gZvr4N5QjhJc",
          "checksum": "2d0bf2ddb1cca0b3d89d661c6c9bd274"
        },
        {
          "type": "renderModule",
          "assetId": "w5QKnQMfLd3u",
          "checksum": "40e28262b0fc4ddf3aef1a9e2ca021c5"
        },
        {
          "type": "cssRules",
          "assetId": "w5QKnQMfLd3u",
          "checksum": "40e28262b0fc4ddf3aef1a9e2ca021c5"
        },
        {
          "type": "renderModule",
          "assetId": "v1uK0ZI0cWKk",
          "checksum": "95628fcae173307d2c5361b9d653342d"
        },
        {
          "type": "cssRules",
          "assetId": "v1uK0ZI0cWKk",
          "checksum": "95628fcae173307d2c5361b9d653342d"
        },
        {
          "type": "renderModule",
          "assetId": "CPf8NLxOGzsK",
          "checksum": "66c3d34a742d50f266438f16b4f02ef1"
        },
        {
          "type": "cssRules",
          "assetId": "CPf8NLxOGzsK",
          "checksum": "66c3d34a742d50f266438f16b4f02ef1"
        },
        {
          "type": "renderModule",
          "assetId": "GYinlcOHYYPb",
          "checksum": "2f693805406abf5e57b6491b48353712"
        },
        {
          "type": "cssRules",
          "assetId": "GYinlcOHYYPb",
          "checksum": "2f693805406abf5e57b6491b48353712"
        },
        {
          "type": "renderModule",
          "assetId": "AHNGq-qwR1as",
          "checksum": "925b2f0a3b03f6999e764917a3eed0b2"
        },
        {
          "type": "cssRules",
          "assetId": "AHNGq-qwR1as",
          "checksum": "925b2f0a3b03f6999e764917a3eed0b2"
        },
        {
          "type": "renderModule",
          "assetId": "3kBY-XuPVzE8",
          "checksum": "af1043a7adca0b3928c1d41cb3da7c72"
        },
        {
          "type": "cssRules",
          "assetId": "3kBY-XuPVzE8",
          "checksum": "af1043a7adca0b3928c1d41cb3da7c72"
        },
        {
          "type": "renderModule",
          "assetId": "UihTWQdm6ROl",
          "checksum": "373a3c5830831a7ba68923c5cb1e1861"
        },
        {
          "type": "cssRules",
          "assetId": "UihTWQdm6ROl",
          "checksum": "373a3c5830831a7ba68923c5cb1e1861"
        },
        {
          "type": "renderModule",
          "assetId": "8mwwdTV2qt6O",
          "checksum": "e9b891f14309c1453a4d42efe5981e09"
        },
        {
          "type": "cssRules",
          "assetId": "8mwwdTV2qt6O",
          "checksum": "e9b891f14309c1453a4d42efe5981e09"
        },
        {
          "type": "renderModule",
          "assetId": "iIewrD8sk6uB",
          "checksum": "740688df53fee1add7b19956f60d0fd8"
        },
        {
          "type": "cssRules",
          "assetId": "iIewrD8sk6uB",
          "checksum": "740688df53fee1add7b19956f60d0fd8"
        },
        {
          "type": "renderModule",
          "assetId": "pNa8rk57280k",
          "checksum": "e99aa1b41aee8df3de78acab652cc25c"
        },
        {
          "type": "cssRules",
          "assetId": "pNa8rk57280k",
          "checksum": "e99aa1b41aee8df3de78acab652cc25c"
        },
        {
          "type": "renderModule",
          "assetId": "E0lnUZd6nv31",
          "checksum": "f27fefba4a5a895dd0dc295ed20ddab7"
        },
        {
          "type": "cssRules",
          "assetId": "E0lnUZd6nv31",
          "checksum": "f27fefba4a5a895dd0dc295ed20ddab7"
        },
        {
          "type": "renderModule",
          "assetId": "P1gRSW4t3bSi",
          "checksum": "27c266b2b1c0ceb12a713738efe3b06d"
        },
        {
          "type": "cssRules",
          "assetId": "P1gRSW4t3bSi",
          "checksum": "27c266b2b1c0ceb12a713738efe3b06d"
        },
        {
          "type": "renderModule",
          "assetId": "CnLVkICbz3Cl",
          "checksum": "680052174ee16c26d2d02bda1eac15b5"
        },
        {
          "type": "cssRules",
          "assetId": "CnLVkICbz3Cl",
          "checksum": "680052174ee16c26d2d02bda1eac15b5"
        },
        {
          "type": "renderModule",
          "assetId": "9aD9cpqpguwz",
          "checksum": "19219512e68031c04d87d6ee2552d97d"
        },
        {
          "type": "cssRules",
          "assetId": "9aD9cpqpguwz",
          "checksum": "19219512e68031c04d87d6ee2552d97d"
        },
        {
          "type": "icon",
          "assetId": "blIuZVHeh19O",
          "checksum": "7a74e6aeecef3f47ee6ecaecac101f0f"
        },
        {
          "type": "icon",
          "assetId": "nVePDG4W_zEC",
          "checksum": "7a5ca6ade9f0e6954ebb714637dd70d3"
        },
        {
          "type": "icon",
          "assetId": "BE1Ff0U-QZSk",
          "checksum": "a2696bf3da206c7db39bd3438206bc9a"
        },
        {
          "type": "icon",
          "assetId": "JLugQXwjTbjP",
          "checksum": "91eac8e3cd5f6b402417db4b89afb8b8"
        },
        {
          "type": "icon",
          "assetId": "6dsV1XVlsxXG",
          "checksum": "20fa098d9f92b8fc1c2334714a22be8d"
        },
        {
          "type": "icon",
          "assetId": "QnXOgS2MU-5C",
          "checksum": "a68b195c29755f74bd0bd70882266488"
        },
        {
          "type": "icon",
          "assetId": "ZcQw1E-mCijF",
          "checksum": "7d31e178cedd86875d62903d57ccfe63"
        },
        {
          "type": "icon",
          "assetId": "-0NIkhbNh1Jv",
          "checksum": "222e176a55f8a66a85de029861f0ccd1"
        },
        {
          "type": "icon",
          "assetId": "atZaH80bXxnm",
          "checksum": "d485518ab8cbcc123043dfa0ba1abbe6"
        },
        {
          "type": "icon",
          "assetId": "yLQk6pHtxLg2",
          "checksum": "0f47e6ff1547de5f6e973590e3f62ae4"
        },
        {
          "type": "icon",
          "assetId": "Tg8HrIaXnzwS",
          "checksum": "15bdac3d26cd4fc42b0461affa5f91a2"
        },
        {
          "type": "icon",
          "assetId": "OXS1pvnggqeo",
          "checksum": "30bb8b3e2aea94c3eb34ce235e08d331"
        },
        {
          "type": "icon",
          "assetId": "2oAy7GpR8D68",
          "checksum": "0244ebdfbc95ec02cb76cfcfca785926"
        },
        {
          "type": "icon",
          "assetId": "wLzP1q2uh2me",
          "checksum": "22b6a25b443f0ac4527b2479f2d7d3eb"
        },
        {
          "type": "icon",
          "assetId": "V3LgUXPosDLG",
          "checksum": "71d0bc1797f373c7918db7c2d9f60187"
        },
        {
          "type": "icon",
          "assetId": "KS0XYgjTZm8u",
          "checksum": "86bf7bd76a0537784a8421627577acb3"
        },
        {
          "type": "icon",
          "assetId": "dTeurcowHDfQ",
          "checksum": "1dc1bf46823729e75797c0ac4c50b6aa"
        },
        {
          "type": "icon",
          "assetId": "XmxYLgND8Mlc",
          "checksum": "28b81f965aa38c1edd74b990acbcf6eb"
        },
        {
          "type": "icon",
          "assetId": "L3lUrF2XnxJp",
          "checksum": "5f397809f0cea662b6720a128ba58833"
        },
        {
          "type": "icon",
          "assetId": "9M67X1JdHskb",
          "checksum": "20b9a8533661c4d2c7d031dfc1156d00"
        },
        {
          "type": "icon",
          "assetId": "E2A_s2OKBRyi",
          "checksum": "574ccbd288b6717a0a3aa98868665bbc"
        },
        {
          "type": "icon",
          "assetId": "ilfULt-Q4wr3",
          "checksum": "67f40e70982d2303c0745f625f7e810b"
        },
        {
          "type": "icon",
          "assetId": "k8bHXsJr8UTM",
          "checksum": "c1692e7e631633e0824f59d003badcd9"
        },
        {
          "type": "icon",
          "assetId": "nn8LRTzvWsWP",
          "checksum": "d9f689985cce6179ec543c7ad0d61e82"
        },
        {
          "type": "icon",
          "assetId": "wBYCaAAJFEQ7",
          "checksum": "521e5ba8768ed5d7444e5d934b936897"
        },
        {
          "type": "icon",
          "assetId": "uCQyIVLoYRbP",
          "checksum": "7edf9021ebdd97e8175f9908164a11bf"
        },
        {
          "type": "icon",
          "assetId": "FF3Rbjx519cl",
          "checksum": "ae832d086c8d2fe4b5fbd5c125a45c74"
        },
        {
          "type": "icon",
          "assetId": "SXBa34Qp7BHM",
          "checksum": "2eca2e05b4b64fbc40faba34d26394a1"
        },
        {
          "type": "icon",
          "assetId": "Ofsrkqzp4UEQ",
          "checksum": "8d4452405c05851c0657f3f77be9b9aa"
        },
        {
          "type": "icon",
          "assetId": "KhjfnOaai3s2",
          "checksum": "31c417581ec62f430271931762ef275e"
        },
        {
          "type": "icon",
          "assetId": "tTCqDzR1WZmT",
          "checksum": "5b39454f7ba759c7d9ab3d9511751351"
        },
        {
          "type": "icon",
          "assetId": "o1_0H8slyIiM",
          "checksum": "64122dcbd7ce16197255b0e8b640f1c4"
        },
        {
          "type": "icon",
          "assetId": "3yKKrpGqlUEd",
          "checksum": "58843e9fdb11bf807d174df7769fd0ca"
        },
        {
          "type": "icon",
          "assetId": "8hPcTPDGfnAB",
          "checksum": "9b80f277c389b9ff5a71ebd8c61e5608"
        },
        {
          "type": "icon",
          "assetId": "lKG__lzlJ7dE",
          "checksum": "bf15f6794ad145f2df202e483cfe8791"
        },
        {
          "type": "icon",
          "assetId": "_dSJl6NdjXXq",
          "checksum": "2947c0b879d1bf4a490467782d467b1d"
        },
        {
          "type": "icon",
          "assetId": "7I5O-31OsASL",
          "checksum": "c161049cb6d0956dcc7626216a269567"
        },
        {
          "type": "icon",
          "assetId": "MGsmcgfjcyeK",
          "checksum": "3c0b74b4ab783a259a5d704101fc6abd"
        },
        {
          "type": "icon",
          "assetId": "AaIzHDCQCQza",
          "checksum": "8fec6dc2dc80e444b69c1f73787f5dac"
        },
        {
          "type": "image",
          "assetId": "uCV_u09aImpr",
          "checksum": "b1731569a2f6d714940b7ad60a9fe121"
        },
        {
          "type": "image",
          "assetId": "sQwP_E0kJwfx",
          "checksum": "d61ebf57d5d5636465e8c33006597435"
        },
        {
          "type": "image",
          "assetId": "hyIRkpQcwfdh",
          "checksum": "573919e54b2b8de51d6350d1de844c21"
        },
        {
          "type": "image",
          "assetId": "iZ2nfum74fQx",
          "checksum": "c4640064ae1b4f4655135b94a4d522b4"
        },
        {
          "type": "image",
          "assetId": "O12ZaIkjx_R3",
          "checksum": "e987409db95d564e11f8d109a5edf5f6"
        },
        {
          "type": "image",
          "assetId": "XpQ6_wEEqHYb",
          "checksum": "0abf476a4632eceae75ee4cab67447ae"
        },
        {
          "type": "image",
          "assetId": "SU5Gz5c0zgBP",
          "checksum": "8a6437b1bc7332b7d532fa0d948c80c2"
        },
        {
          "type": "image",
          "assetId": "a-sp0KtjT65M",
          "checksum": "415bceeff630dd9bfffdcf0781ebe612"
        },
        {
          "type": "image",
          "assetId": "GsnfUc7KQq3o",
          "checksum": "69d844b9298165a6c32c2eb01df3f63d"
        },
        {
          "type": "image",
          "assetId": "WK2I9i0TgK_h",
          "checksum": "2ad577f51a0e4a4220a5fe4af7af8097"
        },
        {
          "type": "image",
          "assetId": "bQgKM4AaLIED",
          "checksum": "3b0534c5a6fbb68dd17bdc2fa0a14c3f"
        },
        {
          "type": "image",
          "assetId": "_GeuyNPhGaJd",
          "checksum": "f164cc4a2dd737ec987ae54e47744bb7"
        },
        {
          "type": "image",
          "assetId": "XAA3nw09Y6dm",
          "checksum": "c24870f0d8dd9e24990bea772812a42a"
        },
        {
          "type": "image",
          "assetId": "GKZEDv8HzzIf",
          "checksum": "55339df3f33903d756a531c17f5f8b88"
        },
        {
          "type": "image",
          "assetId": "YVkyBsD8LAZ1",
          "checksum": "243a8a90cfb28b247b60b6b4cc9fd333"
        },
        {
          "type": "image",
          "assetId": "Ckq7Iqxr1GgK",
          "checksum": "b0195616bb5a5cf21eed5c3879ed3147"
        },
        {
          "type": "image",
          "assetId": "hcmXw5-vBu3V",
          "checksum": "668fbe832b6073b09d6ef653eae2ed74"
        },
        {
          "type": "image",
          "assetId": "zebqEMCmDgmu",
          "checksum": "54643fff8af6f6c8d14da1d9ade09fb5"
        },
        {
          "type": "image",
          "assetId": "xIwZJ8LtIvG5",
          "checksum": "ebb2ac9d9ed3b6fcc37fae040bd4b6a4"
        },
        {
          "type": "image",
          "assetId": "7TtyqG_nnjc2",
          "checksum": "891833b9d14eb9afadbe4ab231e5008e"
        },
        {
          "type": "image",
          "assetId": "SaIE7QuFh9K0",
          "checksum": "ee8b1b34c85c74263a73505f9904276d"
        },
        {
          "type": "image",
          "assetId": "emh1D7eQVT-x",
          "checksum": "0484f8fa3fc5806063379ba260a85143"
        },
        {
          "type": "image",
          "assetId": "A_hJoLERsbfU",
          "checksum": "b2ffc13dd24814ab8d5f7f60b1dceb76"
        },
        {
          "type": "image",
          "assetId": "TFbvK9ss9WY4",
          "checksum": "fd789d84c4fdad7e30c08840e7fc5693"
        },
        {
          "type": "image",
          "assetId": "5ialgmv74cgF",
          "checksum": "739b0e3fd7cae3f7bf90c26e75f62be7"
        },
        {
          "type": "image",
          "assetId": "hh8R8XnLTZFd",
          "checksum": "c481f0095852100843a8d5bf7f5b1e33"
        },
        {
          "type": "image",
          "assetId": "pHHVuaF6JxwI",
          "checksum": "0bf947c1a8631dc9091af1e2235839a1"
        },
        {
          "type": "image",
          "assetId": "WYn2AgAkVdGH",
          "checksum": "584cd59be3d2b819e434eba2bbb217cd"
        },
        {
          "type": "image",
          "assetId": "mptfqtOT1CN8",
          "checksum": "71a8fab32ea701963e1c63668c5db7d5"
        },
        {
          "type": "image",
          "assetId": "E3KcnVPMeoQ4",
          "checksum": "90e08ddd0081d9306f988dedcd0ac174"
        },
        {
          "type": "image",
          "assetId": "pc8mURhlgnym",
          "checksum": "59c9ae67f873c00d0a7edfbb17d1094d"
        },
        {
          "type": "image",
          "assetId": "U1B2ND9tKkHC",
          "checksum": "878f800d4b2de5c16977bdd25a1af296"
        },
        {
          "assetId": "2WTtS4quVgjDpWxePxJCTZ",
          "type": "projectCss",
          "checksum": "43214a040fe57e330bd36f4f97389848"
        }
      ]
    }
  ],
  "cliVersion": "0.1.166"
}
